
Microsoft Visual Studio Solution File, Format Version 12.00
# Visual Studio Version 16
VisualStudioVersion = 16.0.30413.136
MinimumVisualStudioVersion = 10.0.40219.1
Project("{FAE04EC0-301F-11D3-BF4B-00C04F79EFBC}") = "IILanguageTranslator.Android", "IILanguageTranslator.Android\IILanguageTranslator.Android.csproj", "{49F9C069-6725-448D-8D9A-C2BAE88C0131}"
EndProject
Project("{FAE04EC0-301F-11D3-BF4B-00C04F79EFBC}") = "IILanguageTranslator", "IILanguageTranslator\IILanguageTranslator.csproj", "{DDDD47EF-E80B-4D94-A825-D908CFE99B8D}"
EndProject
Global
	GlobalSection(SolutionConfigurationPlatforms) = preSolution
		Debug|Any CPU = Debug|Any CPU
		Release|Any CPU = Release|Any CPU
	EndGlobalSection
	GlobalSection(ProjectConfigurationPlatforms) = postSolution
		{49F9C069-6725-448D-8D9A-C2BAE88C0131}.Debug|Any CPU.ActiveCfg = Debug|Any CPU
		{49F9C069-6725-448D-8D9A-C2BAE88C0131}.Debug|Any CPU.Build.0 = Debug|Any CPU
		{49F9C069-6725-448D-8D9A-C2BAE88C0131}.Debug|Any CPU.Deploy.0 = Debug|Any CPU
		{49F9C069-6725-448D-8D9A-C2BAE88C0131}.Release|Any CPU.ActiveCfg = Release|Any CPU
		{49F9C069-6725-448D-8D9A-C2BAE88C0131}.Release|Any CPU.Build.0 = Release|Any CPU
		{49F9C069-6725-448D-8D9A-C2BAE88C0131}.Release|Any CPU.Deploy.0 = Release|Any CPU
		{DDDD47EF-E80B-4D94-A825-D908CFE99B8D}.Debug|Any CPU.ActiveCfg = Debug|Any CPU
		{DDDD47EF-E80B-4D94-A825-D908CFE99B8D}.Debug|Any CPU.Build.0 = Debug|Any CPU
		{DDDD47EF-E80B-4D94-A825-D908CFE99B8D}.Debug|Any CPU.Deploy.0 = Debug|Any CPU
		{DDDD47EF-E80B-4D94-A825-D908CFE99B8D}.Release|Any CPU.ActiveCfg = Release|Any CPU
		{DDDD47EF-E80B-4D94-A825-D908CFE99B8D}.Release|Any CPU.Build.0 = Release|Any CPU
		{DDDD47EF-E80B-4D94-A825-D908CFE99B8D}.Release|Any CPU.Deploy.0 = Release|Any CPU
	EndGlobalSection
	GlobalSection(SolutionProperties) = preSolution
		HideSolutionNode = FALSE
	EndGlobalSection
	GlobalSection(ExtensibilityGlobals) = postSolution
		SolutionGuid = {67575410-8254-412F-A24E-98CED6141107}
	EndGlobalSection
EndGlobal
